// !$*UTF8*$!
{
	archiveVersion = 1;
	classes = {
	};
	objectVersion = 50;
	objects = {

/* Begin PBXBuildFile section */
		A26A75DC21A67F0200DAD38E /* LoggedIn.storyboard in Resources */ = {isa = PBXBuildFile; fileRef = A26A75DB21A67F0200DAD38E /* LoggedIn.storyboard */; };
		A26A75DF21A67FC600DAD38E /* HomeViewController.swift in Sources */ = {isa = PBXBuildFile; fileRef = A26A75DE21A67FC600DAD38E /* HomeViewController.swift */; };
		A26A75E221A67FFA00DAD38E /* SettingViewController.swift in Sources */ = {isa = PBXBuildFile; fileRef = A26A75E121A67FFA00DAD38E /* SettingViewController.swift */; };
		A26A75E521A682C600DAD38E /* UserViewController.swift in Sources */ = {isa = PBXBuildFile; fileRef = A26A75E421A682C600DAD38E /* UserViewController.swift */; };
		A26A75E821A683A900DAD38E /* ChatViewController.swift in Sources */ = {isa = PBXBuildFile; fileRef = A26A75E721A683A900DAD38E /* ChatViewController.swift */; };
		A26A75EB21A6842700DAD38E /* FriendViewController.swift in Sources */ = {isa = PBXBuildFile; fileRef = A26A75EA21A6842700DAD38E /* FriendViewController.swift */; };
		A26A75EE21A6D55E00DAD38E /* EditUser.storyboard in Resources */ = {isa = PBXBuildFile; fileRef = A26A75ED21A6D55E00DAD38E /* EditUser.storyboard */; };
		A26A75F021A6D57000DAD38E /* EditUserViewController.swift in Sources */ = {isa = PBXBuildFile; fileRef = A26A75EF21A6D57000DAD38E /* EditUserViewController.swift */; };
		A26A75F221AC660B00DAD38E /* UserTableViewCell.swift in Sources */ = {isa = PBXBuildFile; fileRef = A26A75F121AC660B00DAD38E /* UserTableViewCell.swift */; };
		A2A970D021A48288009BA1BA /* GoogleService-Info.plist in Resources */ = {isa = PBXBuildFile; fileRef = A2A970CF21A48287009BA1BA /* GoogleService-Info.plist */; };
		A2A970D421A4856A009BA1BA /* SignUp.storyboard in Resources */ = {isa = PBXBuildFile; fileRef = A2A970D321A4856A009BA1BA /* SignUp.storyboard */; };
		A2A970D621A48577009BA1BA /* SignUpViewController.swift in Sources */ = {isa = PBXBuildFile; fileRef = A2A970D521A48577009BA1BA /* SignUpViewController.swift */; };
		A2A970D821A48789009BA1BA /* SignUpTableViewCell.swift in Sources */ = {isa = PBXBuildFile; fileRef = A2A970D721A48789009BA1BA /* SignUpTableViewCell.swift */; };
		A2A970EF21A4A474009BA1BA /* ForgotPasswordViewController.swift in Sources */ = {isa = PBXBuildFile; fileRef = A2A970EE21A4A474009BA1BA /* ForgotPasswordViewController.swift */; };
		A2A970F121A4A497009BA1BA /* ForgotPassword.storyboard in Resources */ = {isa = PBXBuildFile; fileRef = A2A970F021A4A497009BA1BA /* ForgotPassword.storyboard */; };
		A2A970F321A4A8A0009BA1BA /* FirebaseAPIHandler.swift in Sources */ = {isa = PBXBuildFile; fileRef = A2A970F221A4A8A0009BA1BA /* FirebaseAPIHandler.swift */; };
		A2A970F521A4ACE5009BA1BA /* UserInfo.swift in Sources */ = {isa = PBXBuildFile; fileRef = A2A970F421A4ACE5009BA1BA /* UserInfo.swift */; };
		A2F9FD6621A47D7C001E08CD /* AppDelegate.swift in Sources */ = {isa = PBXBuildFile; fileRef = A2F9FD6521A47D7C001E08CD /* AppDelegate.swift */; };
		A2F9FD6821A47D7C001E08CD /* SignInViewController.swift in Sources */ = {isa = PBXBuildFile; fileRef = A2F9FD6721A47D7C001E08CD /* SignInViewController.swift */; };
		A2F9FD6B21A47D7C001E08CD /* Main.storyboard in Resources */ = {isa = PBXBuildFile; fileRef = A2F9FD6921A47D7C001E08CD /* Main.storyboard */; };
		A2F9FD6D21A47D7E001E08CD /* Assets.xcassets in Resources */ = {isa = PBXBuildFile; fileRef = A2F9FD6C21A47D7E001E08CD /* Assets.xcassets */; };
		A2F9FD7021A47D7E001E08CD /* LaunchScreen.storyboard in Resources */ = {isa = PBXBuildFile; fileRef = A2F9FD6E21A47D7E001E08CD /* LaunchScreen.storyboard */; };
		A2F9FD7921A47DF7001E08CD /* MRKBaseViewController.swift in Sources */ = {isa = PBXBuildFile; fileRef = A2F9FD7821A47DF7001E08CD /* MRKBaseViewController.swift */; };
		A2F9FD7C21A47F53001E08CD /* Utility.swift in Sources */ = {isa = PBXBuildFile; fileRef = A2F9FD7B21A47F53001E08CD /* Utility.swift */; };
		B0A0254D55F8F58B0BCECA76 /* Pods_SNS.framework in Frameworks */ = {isa = PBXBuildFile; fileRef = 17536D8BB136CEB63323A930 /* Pods_SNS.framework */; };
/* End PBXBuildFile section */

/* Begin PBXFileReference section */
		17536D8BB136CEB63323A930 /* Pods_SNS.framework */ = {isa = PBXFileReference; explicitFileType = wrapper.framework; includeInIndex = 0; path = Pods_SNS.framework; sourceTree = BUILT_PRODUCTS_DIR; };
		2CF1758A4A0BDD3B3C8B4777 /* Pods-SNS.release.xcconfig */ = {isa = PBXFileReference; includeInIndex = 1; lastKnownFileType = text.xcconfig; name = "Pods-SNS.release.xcconfig"; path = "Pods/Target Support Files/Pods-SNS/Pods-SNS.release.xcconfig"; sourceTree = "<group>"; };
		948B46B9EDC8775D8447FDE2 /* Pods-SNS.debug.xcconfig */ = {isa = PBXFileReference; includeInIndex = 1; lastKnownFileType = text.xcconfig; name = "Pods-SNS.debug.xcconfig"; path = "Pods/Target Support Files/Pods-SNS/Pods-SNS.debug.xcconfig"; sourceTree = "<group>"; };
		A26A75DB21A67F0200DAD38E /* LoggedIn.storyboard */ = {isa = PBXFileReference; lastKnownFileType = file.storyboard; path = LoggedIn.storyboard; sourceTree = "<group>"; };
		A26A75DE21A67FC600DAD38E /* HomeViewController.swift */ = {isa = PBXFileReference; lastKnownFileType = sourcecode.swift; path = HomeViewController.swift; sourceTree = "<group>"; };
		A26A75E121A67FFA00DAD38E /* SettingViewController.swift */ = {isa = PBXFileReference; lastKnownFileType = sourcecode.swift; path = SettingViewController.swift; sourceTree = "<group>"; };
		A26A75E421A682C600DAD38E /* UserViewController.swift */ = {isa = PBXFileReference; lastKnownFileType = sourcecode.swift; path = UserViewController.swift; sourceTree = "<group>"; };
		A26A75E721A683A900DAD38E /* ChatViewController.swift */ = {isa = PBXFileReference; lastKnownFileType = sourcecode.swift; path = ChatViewController.swift; sourceTree = "<group>"; };
		A26A75EA21A6842700DAD38E /* FriendViewController.swift */ = {isa = PBXFileReference; lastKnownFileType = sourcecode.swift; path = FriendViewController.swift; sourceTree = "<group>"; };
		A26A75ED21A6D55E00DAD38E /* EditUser.storyboard */ = {isa = PBXFileReference; lastKnownFileType = file.storyboard; path = EditUser.storyboard; sourceTree = "<group>"; };
		A26A75EF21A6D57000DAD38E /* EditUserViewController.swift */ = {isa = PBXFileReference; lastKnownFileType = sourcecode.swift; path = EditUserViewController.swift; sourceTree = "<group>"; };
		A26A75F121AC660B00DAD38E /* UserTableViewCell.swift */ = {isa = PBXFileReference; lastKnownFileType = sourcecode.swift; path = UserTableViewCell.swift; sourceTree = "<group>"; };
		A2A970CF21A48287009BA1BA /* GoogleService-Info.plist */ = {isa = PBXFileReference; fileEncoding = 4; lastKnownFileType = text.plist.xml; path = "GoogleService-Info.plist"; sourceTree = "<group>"; };
		A2A970D321A4856A009BA1BA /* SignUp.storyboard */ = {isa = PBXFileReference; lastKnownFileType = file.storyboard; path = SignUp.storyboard; sourceTree = "<group>"; };
		A2A970D521A48577009BA1BA /* SignUpViewController.swift */ = {isa = PBXFileReference; lastKnownFileType = sourcecode.swift; path = SignUpViewController.swift; sourceTree = "<group>"; };
		A2A970D721A48789009BA1BA /* SignUpTableViewCell.swift */ = {isa = PBXFileReference; lastKnownFileType = sourcecode.swift; path = SignUpTableViewCell.swift; sourceTree = "<group>"; };
		A2A970EE21A4A474009BA1BA /* ForgotPasswordViewController.swift */ = {isa = PBXFileReference; lastKnownFileType = sourcecode.swift; path = ForgotPasswordViewController.swift; sourceTree = "<group>"; };
		A2A970F021A4A497009BA1BA /* ForgotPassword.storyboard */ = {isa = PBXFileReference; lastKnownFileType = file.storyboard; path = ForgotPassword.storyboard; sourceTree = "<group>"; };
		A2A970F221A4A8A0009BA1BA /* FirebaseAPIHandler.swift */ = {isa = PBXFileReference; lastKnownFileType = sourcecode.swift; path = FirebaseAPIHandler.swift; sourceTree = "<group>"; };
		A2A970F421A4ACE5009BA1BA /* UserInfo.swift */ = {isa = PBXFileReference; lastKnownFileType = sourcecode.swift; path = UserInfo.swift; sourceTree = "<group>"; };
		A2F9FD6221A47D7C001E08CD /* SNS.app */ = {isa = PBXFileReference; explicitFileType = wrapper.application; includeInIndex = 0; path = SNS.app; sourceTree = BUILT_PRODUCTS_DIR; };
		A2F9FD6521A47D7C001E08CD /* AppDelegate.swift */ = {isa = PBXFileReference; lastKnownFileType = sourcecode.swift; path = AppDelegate.swift; sourceTree = "<group>"; };
		A2F9FD6721A47D7C001E08CD /* SignInViewController.swift */ = {isa = PBXFileReference; lastKnownFileType = sourcecode.swift; path = SignInViewController.swift; sourceTree = "<group>"; };
		A2F9FD6A21A47D7C001E08CD /* Base */ = {isa = PBXFileReference; lastKnownFileType = file.storyboard; name = Base; path = Base.lproj/Main.storyboard; sourceTree = "<group>"; };
		A2F9FD6C21A47D7E001E08CD /* Assets.xcassets */ = {isa = PBXFileReference; lastKnownFileType = folder.assetcatalog; path = Assets.xcassets; sourceTree = "<group>"; };
		A2F9FD6F21A47D7E001E08CD /* Base */ = {isa = PBXFileReference; lastKnownFileType = file.storyboard; name = Base; path = Base.lproj/LaunchScreen.storyboard; sourceTree = "<group>"; };
		A2F9FD7121A47D7E001E08CD /* Info.plist */ = {isa = PBXFileReference; lastKnownFileType = text.plist.xml; path = Info.plist; sourceTree = "<group>"; };
		A2F9FD7821A47DF7001E08CD /* MRKBaseViewController.swift */ = {isa = PBXFileReference; fileEncoding = 4; lastKnownFileType = sourcecode.swift; path = MRKBaseViewController.swift; sourceTree = "<group>"; };
		A2F9FD7B21A47F53001E08CD /* Utility.swift */ = {isa = PBXFileReference; fileEncoding = 4; lastKnownFileType = sourcecode.swift; path = Utility.swift; sourceTree = "<group>"; };
/* End PBXFileReference section */

/* Begin PBXFrameworksBuildPhase section */
		A2F9FD5F21A47D7C001E08CD /* Frameworks */ = {
			isa = PBXFrameworksBuildPhase;
			buildActionMask = 2147483647;
			files = (
				B0A0254D55F8F58B0BCECA76 /* Pods_SNS.framework in Frameworks */,
			);
			runOnlyForDeploymentPostprocessing = 0;
		};
/* End PBXFrameworksBuildPhase section */

/* Begin PBXGroup section */
		272085C22988A8F5A00AD0BE /* Pods */ = {
			isa = PBXGroup;
			children = (
				948B46B9EDC8775D8447FDE2 /* Pods-SNS.debug.xcconfig */,
				2CF1758A4A0BDD3B3C8B4777 /* Pods-SNS.release.xcconfig */,
			);
			name = Pods;
			sourceTree = "<group>";
		};
		28DF296FE4F2FC3ED2CD0EA0 /* Frameworks */ = {
			isa = PBXGroup;
			children = (
				17536D8BB136CEB63323A930 /* Pods_SNS.framework */,
			);
			name = Frameworks;
			sourceTree = "<group>";
		};
		A26A75DA21A67EED00DAD38E /* LoggedIn */ = {
			isa = PBXGroup;
			children = (
				A26A75DB21A67F0200DAD38E /* LoggedIn.storyboard */,
				A26A75DD21A67FB900DAD38E /* Home */,
				A26A75E321A682AF00DAD38E /* User */,
				A26A75E621A6839700DAD38E /* Chat */,
				A26A75E921A6840E00DAD38E /* Friend */,
				A26A75E021A67FED00DAD38E /* Setting */,
			);
			path = LoggedIn;
			sourceTree = "<group>";
		};
		A26A75DD21A67FB900DAD38E /* Home */ = {
			isa = PBXGroup;
			children = (
				A26A75DE21A67FC600DAD38E /* HomeViewController.swift */,
			);
			path = Home;
			sourceTree = "<group>";
		};
		A26A75E021A67FED00DAD38E /* Setting */ = {
			isa = PBXGroup;
			children = (
				A26A75E121A67FFA00DAD38E /* SettingViewController.swift */,
				A26A75EC21A6D54D00DAD38E /* EditUser */,
			);
			path = Setting;
			sourceTree = "<group>";
		};
		A26A75E321A682AF00DAD38E /* User */ = {
			isa = PBXGroup;
			children = (
				A26A75E421A682C600DAD38E /* UserViewController.swift */,
				A26A75F121AC660B00DAD38E /* UserTableViewCell.swift */,
			);
			path = User;
			sourceTree = "<group>";
		};
		A26A75E621A6839700DAD38E /* Chat */ = {
			isa = PBXGroup;
			children = (
				A26A75E721A683A900DAD38E /* ChatViewController.swift */,
			);
			path = Chat;
			sourceTree = "<group>";
		};
		A26A75E921A6840E00DAD38E /* Friend */ = {
			isa = PBXGroup;
			children = (
				A26A75EA21A6842700DAD38E /* FriendViewController.swift */,
			);
			path = Friend;
			sourceTree = "<group>";
		};
		A26A75EC21A6D54D00DAD38E /* EditUser */ = {
			isa = PBXGroup;
			children = (
				A26A75ED21A6D55E00DAD38E /* EditUser.storyboard */,
				A26A75EF21A6D57000DAD38E /* EditUserViewController.swift */,
			);
			path = EditUser;
			sourceTree = "<group>";
		};
		A2A970D121A48522009BA1BA /* SignIn */ = {
			isa = PBXGroup;
			children = (
				A2F9FD6721A47D7C001E08CD /* SignInViewController.swift */,
			);
			path = SignIn;
			sourceTree = "<group>";
		};
		A2A970D221A48552009BA1BA /* SignUp */ = {
			isa = PBXGroup;
			children = (
				A2A970D321A4856A009BA1BA /* SignUp.storyboard */,
				A2A970D521A48577009BA1BA /* SignUpViewController.swift */,
				A2A970D721A48789009BA1BA /* SignUpTableViewCell.swift */,
			);
			path = SignUp;
			sourceTree = "<group>";
		};
		A2A970ED21A4A459009BA1BA /* ForgotPassword */ = {
			isa = PBXGroup;
			children = (
				A2A970F021A4A497009BA1BA /* ForgotPassword.storyboard */,
				A2A970EE21A4A474009BA1BA /* ForgotPasswordViewController.swift */,
			);
			path = ForgotPassword;
			sourceTree = "<group>";
		};
		A2F9FD5921A47D7C001E08CD = {
			isa = PBXGroup;
			children = (
				A2F9FD6421A47D7C001E08CD /* SNS */,
				A2F9FD6321A47D7C001E08CD /* Products */,
				272085C22988A8F5A00AD0BE /* Pods */,
				28DF296FE4F2FC3ED2CD0EA0 /* Frameworks */,
			);
			sourceTree = "<group>";
		};
		A2F9FD6321A47D7C001E08CD /* Products */ = {
			isa = PBXGroup;
			children = (
				A2F9FD6221A47D7C001E08CD /* SNS.app */,
			);
			name = Products;
			sourceTree = "<group>";
		};
		A2F9FD6421A47D7C001E08CD /* SNS */ = {
			isa = PBXGroup;
			children = (
				A2F9FD6521A47D7C001E08CD /* AppDelegate.swift */,
				A2F9FD7721A47DAC001E08CD /* Main */,
				A2F9FD7A21A47E1A001E08CD /* Utility */,
				A2F9FD6C21A47D7E001E08CD /* Assets.xcassets */,
				A2F9FD6E21A47D7E001E08CD /* LaunchScreen.storyboard */,
				A2F9FD7121A47D7E001E08CD /* Info.plist */,
				A2A970CF21A48287009BA1BA /* GoogleService-Info.plist */,
			);
			path = SNS;
			sourceTree = "<group>";
		};
		A2F9FD7721A47DAC001E08CD /* Main */ = {
			isa = PBXGroup;
			children = (
				A2F9FD6921A47D7C001E08CD /* Main.storyboard */,
				A2A970F221A4A8A0009BA1BA /* FirebaseAPIHandler.swift */,
				A2A970F421A4ACE5009BA1BA /* UserInfo.swift */,
				A2A970D121A48522009BA1BA /* SignIn */,
				A2A970D221A48552009BA1BA /* SignUp */,
				A2A970ED21A4A459009BA1BA /* ForgotPassword */,
				A26A75DA21A67EED00DAD38E /* LoggedIn */,
			);
			path = Main;
			sourceTree = "<group>";
		};
		A2F9FD7A21A47E1A001E08CD /* Utility */ = {
			isa = PBXGroup;
			children = (
				A2F9FD7821A47DF7001E08CD /* MRKBaseViewController.swift */,
				A2F9FD7B21A47F53001E08CD /* Utility.swift */,
			);
			path = Utility;
			sourceTree = "<group>";
		};
/* End PBXGroup section */

/* Begin PBXNativeTarget section */
		A2F9FD6121A47D7C001E08CD /* SNS */ = {
			isa = PBXNativeTarget;
			buildConfigurationList = A2F9FD7421A47D7E001E08CD /* Build configuration list for PBXNativeTarget "SNS" */;
			buildPhases = (
				156E29D2D94FF003F2BCC43E /* [CP] Check Pods Manifest.lock */,
				A2F9FD5E21A47D7C001E08CD /* Sources */,
				A2F9FD5F21A47D7C001E08CD /* Frameworks */,
				A2F9FD6021A47D7C001E08CD /* Resources */,
				E154B38CA597C72E82826F04 /* [CP] Embed Pods Frameworks */,
			);
			buildRules = (
			);
			dependencies = (
			);
			name = SNS;
			productName = SNS;
			productReference = A2F9FD6221A47D7C001E08CD /* SNS.app */;
			productType = "com.apple.product-type.application";
		};
/* End PBXNativeTarget section */

/* Begin PBXProject section */
		A2F9FD5A21A47D7C001E08CD /* Project object */ = {
			isa = PBXProject;
			attributes = {
				LastSwiftUpdateCheck = 1010;
				LastUpgradeCheck = 1010;
				ORGANIZATIONNAME = "Jason Son";
				TargetAttributes = {
					A2F9FD6121A47D7C001E08CD = {
						CreatedOnToolsVersion = 10.1;
					};
				};
			};
			buildConfigurationList = A2F9FD5D21A47D7C001E08CD /* Build configuration list for PBXProject "SNS" */;
			compatibilityVersion = "Xcode 9.3";
			developmentRegion = en;
			hasScannedForEncodings = 0;
			knownRegions = (
				en,
				Base,
			);
			mainGroup = A2F9FD5921A47D7C001E08CD;
			productRefGroup = A2F9FD6321A47D7C001E08CD /* Products */;
			projectDirPath = "";
			projectRoot = "";
			targets = (
				A2F9FD6121A47D7C001E08CD /* SNS */,
			);
		};
/* End PBXProject section */

/* Begin PBXResourcesBuildPhase section */
		A2F9FD6021A47D7C001E08CD /* Resources */ = {
			isa = PBXResourcesBuildPhase;
			buildActionMask = 2147483647;
			files = (
				A2F9FD7021A47D7E001E08CD /* LaunchScreen.storyboard in Resources */,
				A2A970D021A48288009BA1BA /* GoogleService-Info.plist in Resources */,
				A26A75DC21A67F0200DAD38E /* LoggedIn.storyboard in Resources */,
				A2F9FD6D21A47D7E001E08CD /* Assets.xcassets in Resources */,
				A2F9FD6B21A47D7C001E08CD /* Main.storyboard in Resources */,
				A2A970F121A4A497009BA1BA /* ForgotPassword.storyboard in Resources */,
				A2A970D421A4856A009BA1BA /* SignUp.storyboard in Resources */,
				A26A75EE21A6D55E00DAD38E /* EditUser.storyboard in Resources */,
			);
			runOnlyForDeploymentPostprocessing = 0;
		};
/* End PBXResourcesBuildPhase section */

/* Begin PBXShellScriptBuildPhase section */
		156E29D2D94FF003F2BCC43E /* [CP] Check Pods Manifest.lock */ = {
			isa = PBXShellScriptBuildPhase;
			buildActionMask = 2147483647;
			files = (
			);
			inputFileListPaths = (
			);
			inputPaths = (
				"${PODS_PODFILE_DIR_PATH}/Podfile.lock",
				"${PODS_ROOT}/Manifest.lock",
			);
			name = "[CP] Check Pods Manifest.lock";
			outputFileListPaths = (
			);
			outputPaths = (
				"$(DERIVED_FILE_DIR)/Pods-SNS-checkManifestLockResult.txt",
			);
			runOnlyForDeploymentPostprocessing = 0;
			shellPath = /bin/sh;
			shellScript = "diff \"${PODS_PODFILE_DIR_PATH}/Podfile.lock\" \"${PODS_ROOT}/Manifest.lock\" > /dev/null\nif [ $? != 0 ] ; then\n    # print error to STDERR\n    echo \"error: The sandbox is not in sync with the Podfile.lock. Run 'pod install' or update your CocoaPods installation.\" >&2\n    exit 1\nfi\n# This output is used by Xcode 'outputs' to avoid re-running this script phase.\necho \"SUCCESS\" > \"${SCRIPT_OUTPUT_FILE_0}\"\n";
			showEnvVarsInLog = 0;
		};
		E154B38CA597C72E82826F04 /* [CP] Embed Pods Frameworks */ = {
			isa = PBXShellScriptBuildPhase;
			buildActionMask = 2147483647;
			files = (
			);
			inputFileListPaths = (
			);
			inputPaths = (
				"${SRCROOT}/Pods/Target Support Files/Pods-SNS/Pods-SNS-frameworks.sh",
				"${BUILT_PRODUCTS_DIR}/GTMSessionFetcher/GTMSessionFetcher.framework",
				"${BUILT_PRODUCTS_DIR}/GoogleUtilities/GoogleUtilities.framework",
				"${BUILT_PRODUCTS_DIR}/SVProgressHUD/SVProgressHUD.framework",
				"${BUILT_PRODUCTS_DIR}/TWMessageBarManager/TWMessageBarManager.framework",
				"${BUILT_PRODUCTS_DIR}/leveldb-library/leveldb.framework",
				"${BUILT_PRODUCTS_DIR}/nanopb/nanopb.framework",
			);
			name = "[CP] Embed Pods Frameworks";
			outputFileListPaths = (
			);
			outputPaths = (
				"${TARGET_BUILD_DIR}/${FRAMEWORKS_FOLDER_PATH}/GTMSessionFetcher.framework",
				"${TARGET_BUILD_DIR}/${FRAMEWORKS_FOLDER_PATH}/GoogleUtilities.framework",
				"${TARGET_BUILD_DIR}/${FRAMEWORKS_FOLDER_PATH}/SVProgressHUD.framework",
				"${TARGET_BUILD_DIR}/${FRAMEWORKS_FOLDER_PATH}/TWMessageBarManager.framework",
				"${TARGET_BUILD_DIR}/${FRAMEWORKS_FOLDER_PATH}/leveldb.framework",
				"${TARGET_BUILD_DIR}/${FRAMEWORKS_FOLDER_PATH}/nanopb.framework",
			);
			runOnlyForDeploymentPostprocessing = 0;
			shellPath = /bin/sh;
			shellScript = "\"${SRCROOT}/Pods/Target Support Files/Pods-SNS/Pods-SNS-frameworks.sh\"\n";
			showEnvVarsInLog = 0;
		};
/* End PBXShellScriptBuildPhase section */

/* Begin PBXSourcesBuildPhase section */
		A2F9FD5E21A47D7C001E08CD /* Sources */ = {
			isa = PBXSourcesBuildPhase;
			buildActionMask = 2147483647;
			files = (
				A2F9FD7C21A47F53001E08CD /* Utility.swift in Sources */,
				A26A75E521A682C600DAD38E /* UserViewController.swift in Sources */,
				A26A75E221A67FFA00DAD38E /* SettingViewController.swift in Sources */,
				A26A75F021A6D57000DAD38E /* EditUserViewController.swift in Sources */,
				A26A75F221AC660B00DAD38E /* UserTableViewCell.swift in Sources */,
				A2F9FD6821A47D7C001E08CD /* SignInViewController.swift in Sources */,
				A2F9FD7921A47DF7001E08CD /* MRKBaseViewController.swift in Sources */,
				A2A970D821A48789009BA1BA /* SignUpTableViewCell.swift in Sources */,
				A2F9FD6621A47D7C001E08CD /* AppDelegate.swift in Sources */,
				A26A75DF21A67FC600DAD38E /* HomeViewController.swift in Sources */,
				A2A970F321A4A8A0009BA1BA /* FirebaseAPIHandler.swift in Sources */,
				A26A75E821A683A900DAD38E /* ChatViewController.swift in Sources */,
				A26A75EB21A6842700DAD38E /* FriendViewController.swift in Sources */,
				A2A970EF21A4A474009BA1BA /* ForgotPasswordViewController.swift in Sources */,
				A2A970D621A48577009BA1BA /* SignUpViewController.swift in Sources */,
				A2A970F521A4ACE5009BA1BA /* UserInfo.swift in Sources */,
			);
			runOnlyForDeploymentPostprocessing = 0;
		};
/* End PBXSourcesBuildPhase section */

/* Begin PBXVariantGroup section */
		A2F9FD6921A47D7C001E08CD /* Main.storyboard */ = {
			isa = PBXVariantGroup;
			children = (
				A2F9FD6A21A47D7C001E08CD /* Base */,
			);
			name = Main.storyboard;
			sourceTree = "<group>";
		};
		A2F9FD6E21A47D7E001E08CD /* LaunchScreen.storyboard */ = {
			isa = PBXVariantGroup;
			children = (
				A2F9FD6F21A47D7E001E08CD /* Base */,
			);
			name = LaunchScreen.storyboard;
			sourceTree = "<group>";
		};
/* End PBXVariantGroup section */

/* Begin XCBuildConfiguration section */
		A2F9FD7221A47D7E001E08CD /* Debug */ = {
			isa = XCBuildConfiguration;
			buildSettings = {
				ALWAYS_SEARCH_USER_PATHS = NO;
				CLANG_ANALYZER_NONNULL = YES;
				CLANG_ANALYZER_NUMBER_OBJECT_CONVERSION = YES_AGGRESSIVE;
				CLANG_CXX_LANGUAGE_STANDARD = "gnu++14";
				CLANG_CXX_LIBRARY = "libc++";
				CLANG_ENABLE_MODULES = YES;
				CLANG_ENABLE_OBJC_ARC = YES;
				CLANG_ENABLE_OBJC_WEAK = YES;
				CLANG_WARN_BLOCK_CAPTURE_AUTORELEASING = YES;
				CLANG_WARN_BOOL_CONVERSION = YES;
				CLANG_WARN_COMMA = YES;
				CLANG_WARN_CONSTANT_CONVERSION = YES;
				CLANG_WARN_DEPRECATED_OBJC_IMPLEMENTATIONS = YES;
				CLANG_WARN_DIRECT_OBJC_ISA_USAGE = YES_ERROR;
				CLANG_WARN_DOCUMENTATION_COMMENTS = YES;
				CLANG_WARN_EMPTY_BODY = YES;
				CLANG_WARN_ENUM_CONVERSION = YES;
				CLANG_WARN_INFINITE_RECURSION = YES;
				CLANG_WARN_INT_CONVERSION = YES;
				CLANG_WARN_NON_LITERAL_NULL_CONVERSION = YES;
				CLANG_WARN_OBJC_IMPLICIT_RETAIN_SELF = YES;
				CLANG_WARN_OBJC_LITERAL_CONVERSION = YES;
				CLANG_WARN_OBJC_ROOT_CLASS = YES_ERROR;
				CLANG_WARN_RANGE_LOOP_ANALYSIS = YES;
				CLANG_WARN_STRICT_PROTOTYPES = YES;
				CLANG_WARN_SUSPICIOUS_MOVE = YES;
				CLANG_WARN_UNGUARDED_AVAILABILITY = YES_AGGRESSIVE;
				CLANG_WARN_UNREACHABLE_CODE = YES;
				CLANG_WARN__DUPLICATE_METHOD_MATCH = YES;
				CODE_SIGN_IDENTITY = "iPhone Developer";
				COPY_PHASE_STRIP = NO;
				DEBUG_INFORMATION_FORMAT = dwarf;
				ENABLE_STRICT_OBJC_MSGSEND = YES;
				ENABLE_TESTABILITY = YES;
				GCC_C_LANGUAGE_STANDARD = gnu11;
				GCC_DYNAMIC_NO_PIC = NO;
				GCC_NO_COMMON_BLOCKS = YES;
				GCC_OPTIMIZATION_LEVEL = 0;
				GCC_PREPROCESSOR_DEFINITIONS = (
					"DEBUG=1",
					"$(inherited)",
				);
				GCC_WARN_64_TO_32_BIT_CONVERSION = YES;
				GCC_WARN_ABOUT_RETURN_TYPE = YES_ERROR;
				GCC_WARN_UNDECLARED_SELECTOR = YES;
				GCC_WARN_UNINITIALIZED_AUTOS = YES_AGGRESSIVE;
				GCC_WARN_UNUSED_FUNCTION = YES;
				GCC_WARN_UNUSED_VARIABLE = YES;
				IPHONEOS_DEPLOYMENT_TARGET = 12.1;
				MTL_ENABLE_DEBUG_INFO = INCLUDE_SOURCE;
				MTL_FAST_MATH = YES;
				ONLY_ACTIVE_ARCH = YES;
				SDKROOT = iphoneos;
				SWIFT_ACTIVE_COMPILATION_CONDITIONS = DEBUG;
				SWIFT_OPTIMIZATION_LEVEL = "-Onone";
			};
			name = Debug;
		};
		A2F9FD7321A47D7E001E08CD /* Release */ = {
			isa = XCBuildConfiguration;
			buildSettings = {
				ALWAYS_SEARCH_USER_PATHS = NO;
				CLANG_ANALYZER_NONNULL = YES;
				CLANG_ANALYZER_NUMBER_OBJECT_CONVERSION = YES_AGGRESSIVE;
				CLANG_CXX_LANGUAGE_STANDARD = "gnu++14";
				CLANG_CXX_LIBRARY = "libc++";
				CLANG_ENABLE_MODULES = YES;
				CLANG_ENABLE_OBJC_ARC = YES;
				CLANG_ENABLE_OBJC_WEAK = YES;
				CLANG_WARN_BLOCK_CAPTURE_AUTORELEASING = YES;
				CLANG_WARN_BOOL_CONVERSION = YES;
				CLANG_WARN_COMMA = YES;
				CLANG_WARN_CONSTANT_CONVERSION = YES;
				CLANG_WARN_DEPRECATED_OBJC_IMPLEMENTATIONS = YES;
				CLANG_WARN_DIRECT_OBJC_ISA_USAGE = YES_ERROR;
				CLANG_WARN_DOCUMENTATION_COMMENTS = YES;
				CLANG_WARN_EMPTY_BODY = YES;
				CLANG_WARN_ENUM_CONVERSION = YES;
				CLANG_WARN_INFINITE_RECURSION = YES;
				CLANG_WARN_INT_CONVERSION = YES;
				CLANG_WARN_NON_LITERAL_NULL_CONVERSION = YES;
				CLANG_WARN_OBJC_IMPLICIT_RETAIN_SELF = YES;
				CLANG_WARN_OBJC_LITERAL_CONVERSION = YES;
				CLANG_WARN_OBJC_ROOT_CLASS = YES_ERROR;
				CLANG_WARN_RANGE_LOOP_ANALYSIS = YES;
				CLANG_WARN_STRICT_PROTOTYPES = YES;
				CLANG_WARN_SUSPICIOUS_MOVE = YES;
				CLANG_WARN_UNGUARDED_AVAILABILITY = YES_AGGRESSIVE;
				CLANG_WARN_UNREACHABLE_CODE = YES;
				CLANG_WARN__DUPLICATE_METHOD_MATCH = YES;
				CODE_SIGN_IDENTITY = "iPhone Developer";
				COPY_PHASE_STRIP = NO;
				DEBUG_INFORMATION_FORMAT = "dwarf-with-dsym";
				ENABLE_NS_ASSERTIONS = NO;
				ENABLE_STRICT_OBJC_MSGSEND = YES;
				GCC_C_LANGUAGE_STANDARD = gnu11;
				GCC_NO_COMMON_BLOCKS = YES;
				GCC_WARN_64_TO_32_BIT_CONVERSION = YES;
				GCC_WARN_ABOUT_RETURN_TYPE = YES_ERROR;
				GCC_WARN_UNDECLARED_SELECTOR = YES;
				GCC_WARN_UNINITIALIZED_AUTOS = YES_AGGRESSIVE;
				GCC_WARN_UNUSED_FUNCTION = YES;
				GCC_WARN_UNUSED_VARIABLE = YES;
				IPHONEOS_DEPLOYMENT_TARGET = 12.1;
				MTL_ENABLE_DEBUG_INFO = NO;
				MTL_FAST_MATH = YES;
				SDKROOT = iphoneos;
				SWIFT_COMPILATION_MODE = wholemodule;
				SWIFT_OPTIMIZATION_LEVEL = "-O";
				VALIDATE_PRODUCT = YES;
			};
			name = Release;
		};
		A2F9FD7521A47D7E001E08CD /* Debug */ = {
			isa = XCBuildConfiguration;
			baseConfigurationReference = 948B46B9EDC8775D8447FDE2 /* Pods-SNS.debug.xcconfig */;
			buildSettings = {
				ASSETCATALOG_COMPILER_APPICON_NAME = AppIcon;
				CODE_SIGN_STYLE = Automatic;
				DEVELOPMENT_TEAM = 5R6Y23THY4;
				INFOPLIST_FILE = SNS/Info.plist;
				IPHONEOS_DEPLOYMENT_TARGET = 9.0;
				LD_RUNPATH_SEARCH_PATHS = (
					"$(inherited)",
					"@executable_path/Frameworks",
				);
				PRODUCT_BUNDLE_IDENTIFIER = com.jasonson.SNS;
				PRODUCT_NAME = "$(TARGET_NAME)";
				SWIFT_VERSION = 4.2;
				TARGETED_DEVICE_FAMILY = "1,2";
			};
			name = Debug;
		};
		A2F9FD7621A47D7E001E08CD /* Release */ = {
			isa = XCBuildConfiguration;
			baseConfigurationReference = 2CF1758A4A0BDD3B3C8B4777 /* Pods-SNS.release.xcconfig */;
			buildSettings = {
				ASSETCATALOG_COMPILER_APPICON_NAME = AppIcon;
				CODE_SIGN_STYLE = Automatic;
				DEVELOPMENT_TEAM = 5R6Y23THY4;
				INFOPLIST_FILE = SNS/Info.plist;
				IPHONEOS_DEPLOYMENT_TARGET = 9.0;
				LD_RUNPATH_SEARCH_PATHS = (
					"$(inherited)",
					"@executable_path/Frameworks",
				);
				PRODUCT_BUNDLE_IDENTIFIER = com.jasonson.SNS;
				PRODUCT_NAME = "$(TARGET_NAME)";
				SWIFT_VERSION = 4.2;
				TARGETED_DEVICE_FAMILY = "1,2";
			};
			name = Release;
		};
/* End XCBuildConfiguration section */

/* Begin XCConfigurationList section */
		A2F9FD5D21A47D7C001E08CD /* Build configuration list for PBXProject "SNS" */ = {
			isa = XCConfigurationList;
			buildConfigurations = (
				A2F9FD7221A47D7E001E08CD /* Debug */,
				A2F9FD7321A47D7E001E08CD /* Release */,
			);
			defaultConfigurationIsVisible = 0;
			defaultConfigurationName = Release;
		};
		A2F9FD7421A47D7E001E08CD /* Build configuration list for PBXNativeTarget "SNS" */ = {
			isa = XCConfigurationList;
			buildConfigurations = (
				A2F9FD7521A47D7E001E08CD /* Debug */,
				A2F9FD7621A47D7E001E08CD /* Release */,
			);
			defaultConfigurationIsVisible = 0;
			defaultConfigurationName = Release;
		};
/* End XCConfigurationList section */
	};
	rootObject = A2F9FD5A21A47D7C001E08CD /* Project object */;
}
